
Microsoft Visual Studio Solution File, Format Version 12.00
# Visual Studio Version 16
VisualStudioVersion = 16.0.29709.97
MinimumVisualStudioVersion = 10.0.40219.1
Project("{FAE04EC0-301F-11D3-BF4B-00C04F79EFBC}") = "Cousertime", "Cousertime\Cousertime.csproj", "{DB4CBE89-85A2-40FB-8826-743B7D8EC7F5}"
EndProject
Global
	GlobalSection(SolutionConfigurationPlatforms) = preSolution
		Debug|Any CPU = Debug|Any CPU
		Release|Any CPU = Release|Any CPU
	EndGlobalSection
	GlobalSection(ProjectConfigurationPlatforms) = postSolution
		{DB4CBE89-85A2-40FB-8826-743B7D8EC7F5}.Debug|Any CPU.ActiveCfg = Debug|Any CPU
		{DB4CBE89-85A2-40FB-8826-743B7D8EC7F5}.Debug|Any CPU.Build.0 = Debug|Any CPU
		{DB4CBE89-85A2-40FB-8826-743B7D8EC7F5}.Release|Any CPU.ActiveCfg = Release|Any CPU
		{DB4CBE89-85A2-40FB-8826-743B7D8EC7F5}.Release|Any CPU.Build.0 = Release|Any CPU
	EndGlobalSection
	GlobalSection(SolutionProperties) = preSolution
		HideSolutionNode = FALSE
	EndGlobalSection
	GlobalSection(ExtensibilityGlobals) = postSolution
		SolutionGuid = {7075CCA5-7123-4EC3-9822-BC70AE7B30FE}
	EndGlobalSection
EndGlobal
